{
  "requires": true,
  "lockfileVersion": 1,
  "dependencies": {
    "@popperjs/core": {
      "version": "2.9.2",
      "resolved": "https://registry.npmjs.org/@popperjs/core/-/core-2.9.2.tgz",
      "integrity": "sha512-VZMYa7+fXHdwIq1TDhSXoVmSPEGM/aa+6Aiq3nVVJ9bXr24zScr+NlKFKC3iPljA7ho/GAZr+d2jOf5GIRC30Q=="
    },
    "@vant/icons": {
      "version": "1.5.3",
      "resolved": "https://registry.npmjs.org/@vant/icons/-/icons-1.5.3.tgz",
      "integrity": "sha512-OQaJqAWN6quHicWje4buknX9zcDo3UDy3X4nrk/ldnr9Fj8Str4nMtQbMbIrCMtmjQdP2ei769uuY508dudrjA=="
    },
    "@vant/lazyload": {
      "version": "1.2.0",
      "resolved": "https://registry.npmjs.org/@vant/lazyload/-/lazyload-1.2.0.tgz",
      "integrity": "sha512-QsqNm8nNat4z9TdrTI4YkDXZXgg3dbGhHf7tC4mhel+gJ0u2WZcoMYKWkzQXvO+vo395cByT5iUE5a72360B2Q=="
    },
    "@vant/popperjs": {
      "version": "1.1.0",
      "resolved": "https://registry.npmjs.org/@vant/popperjs/-/popperjs-1.1.0.tgz",
      "integrity": "sha512-8MD1gz146awV/uPxYjz4pet22f7a9YVKqk7T+gFkWFwT9mEcrIUEg/xPrdOnWKLP9puXyYtm7oVfSDSefZ/p/w==",
      "requires": {
        "@popperjs/core": "^2.9.2"
      }
    },
    "@vant/use": {
      "version": "1.1.2",
      "resolved": "https://registry.npmjs.org/@vant/use/-/use-1.1.2.tgz",
      "integrity": "sha512-s4YO6zqJ3NlGeAZ104exb0c/KvlXB908pOhWhCyhfedVBn1eBnKH401ildK0sttazmq0CH8jme6mnw2ZzZvutw=="
    },
    "vant": {
      "version": "3.0.16",
      "resolved": "https://registry.npmjs.org/vant/-/vant-3.0.16.tgz",
      "integrity": "sha512-13CPWGOA5xgYpIbQc7k1KPGpnNysUgDpeifqwbXq2U394UR0ss5ZSjfg0Kz+mUfe4a98sDVdx0qnoC299TtBoQ==",
      "requires": {
        "@vant/icons": "^1.5.3",
        "@vant/lazyload": "^1.2.0",
        "@vant/popperjs": "^1.1.0",
        "@vant/use": "^1.1.1"
      }
    }
  }
}
